// !$*UTF8*$!
{
	archiveVersion = 1;
	classes = {
	};
	objectVersion = 55;
	objects = {

/* Begin PBXBuildFile section */
		C028D82227CAA98800330965 /* AppDelegate.swift in Sources */ = {isa = PBXBuildFile; fileRef = C028D82127CAA98800330965 /* AppDelegate.swift */; };
		C028D82427CAA98800330965 /* SceneDelegate.swift in Sources */ = {isa = PBXBuildFile; fileRef = C028D82327CAA98800330965 /* SceneDelegate.swift */; };
		C028D82627CAA98800330965 /* ViewController.swift in Sources */ = {isa = PBXBuildFile; fileRef = C028D82527CAA98800330965 /* ViewController.swift */; };
		C028D82927CAA98800330965 /* Main.storyboard in Resources */ = {isa = PBXBuildFile; fileRef = C028D82727CAA98800330965 /* Main.storyboard */; };
		C028D82C27CAA98800330965 /* wordle.xcdatamodeld in Sources */ = {isa = PBXBuildFile; fileRef = C028D82A27CAA98800330965 /* wordle.xcdatamodeld */; };
		C028D82E27CAA98900330965 /* Assets.xcassets in Resources */ = {isa = PBXBuildFile; fileRef = C028D82D27CAA98900330965 /* Assets.xcassets */; };
		C028D83127CAA98900330965 /* LaunchScreen.storyboard in Resources */ = {isa = PBXBuildFile; fileRef = C028D82F27CAA98900330965 /* LaunchScreen.storyboard */; };
		C028D83C27CAA98900330965 /* wordleTests.swift in Sources */ = {isa = PBXBuildFile; fileRef = C028D83B27CAA98900330965 /* wordleTests.swift */; };
		C028D84627CAA98900330965 /* wordleUITests.swift in Sources */ = {isa = PBXBuildFile; fileRef = C028D84527CAA98900330965 /* wordleUITests.swift */; };
		C028D84827CAA98900330965 /* wordleUITestsLaunchTests.swift in Sources */ = {isa = PBXBuildFile; fileRef = C028D84727CAA98900330965 /* wordleUITestsLaunchTests.swift */; };
/* End PBXBuildFile section */

/* Begin PBXContainerItemProxy section */
		C028D83827CAA98900330965 /* PBXContainerItemProxy */ = {
			isa = PBXContainerItemProxy;
			containerPortal = C028D81627CAA98800330965 /* Project object */;
			proxyType = 1;
			remoteGlobalIDString = C028D81D27CAA98800330965;
			remoteInfo = wordle;
		};
		C028D84227CAA98900330965 /* PBXContainerItemProxy */ = {
			isa = PBXContainerItemProxy;
			containerPortal = C028D81627CAA98800330965 /* Project object */;
			proxyType = 1;
			remoteGlobalIDString = C028D81D27CAA98800330965;
			remoteInfo = wordle;
		};
/* End PBXContainerItemProxy section */

/* Begin PBXFileReference section */
		C028D81E27CAA98800330965 /* wordle.app */ = {isa = PBXFileReference; explicitFileType = wrapper.application; includeInIndex = 0; path = wordle.app; sourceTree = BUILT_PRODUCTS_DIR; };
		C028D82127CAA98800330965 /* AppDelegate.swift */ = {isa = PBXFileReference; lastKnownFileType = sourcecode.swift; path = AppDelegate.swift; sourceTree = "<group>"; };
		C028D82327CAA98800330965 /* SceneDelegate.swift */ = {isa = PBXFileReference; lastKnownFileType = sourcecode.swift; path = SceneDelegate.swift; sourceTree = "<group>"; };
		C028D82527CAA98800330965 /* ViewController.swift */ = {isa = PBXFileReference; lastKnownFileType = sourcecode.swift; path = ViewController.swift; sourceTree = "<group>"; };
		C028D82827CAA98800330965 /* Base */ = {isa = PBXFileReference; lastKnownFileType = file.storyboard; name = Base; path = Base.lproj/Main.storyboard; sourceTree = "<group>"; };
		C028D82B27CAA98800330965 /* wordle.xcdatamodel */ = {isa = PBXFileReference; lastKnownFileType = wrapper.xcdatamodel; path = wordle.xcdatamodel; sourceTree = "<group>"; };
		C028D82D27CAA98900330965 /* Assets.xcassets */ = {isa = PBXFileReference; lastKnownFileType = folder.assetcatalog; path = Assets.xcassets; sourceTree = "<group>"; };
		C028D83027CAA98900330965 /* Base */ = {isa = PBXFileReference; lastKnownFileType = file.storyboard; name = Base; path = Base.lproj/LaunchScreen.storyboard; sourceTree = "<group>"; };
		C028D83227CAA98900330965 /* Info.plist */ = {isa = PBXFileReference; lastKnownFileType = text.plist.xml; path = Info.plist; sourceTree = "<group>"; };
		C028D83727CAA98900330965 /* wordleTests.xctest */ = {isa = PBXFileReference; explicitFileType = wrapper.cfbundle; includeInIndex = 0; path = wordleTests.xctest; sourceTree = BUILT_PRODUCTS_DIR; };
		C028D83B27CAA98900330965 /* wordleTests.swift */ = {isa = PBXFileReference; lastKnownFileType = sourcecode.swift; path = wordleTests.swift; sourceTree = "<group>"; };
		C028D84127CAA98900330965 /* wordleUITests.xctest */ = {isa = PBXFileReference; explicitFileType = wrapper.cfbundle; includeInIndex = 0; path = wordleUITests.xctest; sourceTree = BUILT_PRODUCTS_DIR; };
		C028D84527CAA98900330965 /* wordleUITests.swift */ = {isa = PBXFileReference; lastKnownFileType = sourcecode.swift; path = wordleUITests.swift; sourceTree = "<group>"; };
		C028D84727CAA98900330965 /* wordleUITestsLaunchTests.swift */ = {isa = PBXFileReference; lastKnownFileType = sourcecode.swift; path = wordleUITestsLaunchTests.swift; sourceTree = "<group>"; };
/* End PBXFileReference section */

/* Begin PBXFrameworksBuildPhase section */
		C028D81B27CAA98800330965 /* Frameworks */ = {
			isa = PBXFrameworksBuildPhase;
			buildActionMask = 2147483647;
			files = (
			);
			runOnlyForDeploymentPostprocessing = 0;
		};
		C028D83427CAA98900330965 /* Frameworks */ = {
			isa = PBXFrameworksBuildPhase;
			buildActionMask = 2147483647;
			files = (
			);
			runOnlyForDeploymentPostprocessing = 0;
		};
		C028D83E27CAA98900330965 /* Frameworks */ = {
			isa = PBXFrameworksBuildPhase;
			buildActionMask = 2147483647;
			files = (
			);
			runOnlyForDeploymentPostprocessing = 0;
		};
/* End PBXFrameworksBuildPhase section */

/* Begin PBXGroup section */
		C028D81527CAA98800330965 = {
			isa = PBXGroup;
			children = (
				C028D82027CAA98800330965 /* wordle */,
				C028D83A27CAA98900330965 /* wordleTests */,
				C028D84427CAA98900330965 /* wordleUITests */,
				C028D81F27CAA98800330965 /* Products */,
			);
			sourceTree = "<group>";
		};
		C028D81F27CAA98800330965 /* Products */ = {
			isa = PBXGroup;
			children = (
				C028D81E27CAA98800330965 /* wordle.app */,
				C028D83727CAA98900330965 /* wordleTests.xctest */,
				C028D84127CAA98900330965 /* wordleUITests.xctest */,
			);
			name = Products;
			sourceTree = "<group>";
		};
		C028D82027CAA98800330965 /* wordle */ = {
			isa = PBXGroup;
			children = (
				C028D82127CAA98800330965 /* AppDelegate.swift */,
				C028D82327CAA98800330965 /* SceneDelegate.swift */,
				C028D82527CAA98800330965 /* ViewController.swift */,
				C028D82727CAA98800330965 /* Main.storyboard */,
				C028D82D27CAA98900330965 /* Assets.xcassets */,
				C028D82F27CAA98900330965 /* LaunchScreen.storyboard */,
				C028D83227CAA98900330965 /* Info.plist */,
				C028D82A27CAA98800330965 /* wordle.xcdatamodeld */,
			);
			path = wordle;
			sourceTree = "<group>";
		};
		C028D83A27CAA98900330965 /* wordleTests */ = {
			isa = PBXGroup;
			children = (
				C028D83B27CAA98900330965 /* wordleTests.swift */,
			);
			path = wordleTests;
			sourceTree = "<group>";
		};
		C028D84427CAA98900330965 /* wordleUITests */ = {
			isa = PBXGroup;
			children = (
				C028D84527CAA98900330965 /* wordleUITests.swift */,
				C028D84727CAA98900330965 /* wordleUITestsLaunchTests.swift */,
			);
			path = wordleUITests;
			sourceTree = "<group>";
		};
/* End PBXGroup section */

/* Begin PBXNativeTarget section */
		C028D81D27CAA98800330965 /* wordle */ = {
			isa = PBXNativeTarget;
			buildConfigurationList = C028D84B27CAA98900330965 /* Build configuration list for PBXNativeTarget "wordle" */;
			buildPhases = (
				C028D81A27CAA98800330965 /* Sources */,
				C028D81B27CAA98800330965 /* Frameworks */,
				C028D81C27CAA98800330965 /* Resources */,
			);
			buildRules = (
			);
			dependencies = (
			);
			name = wordle;
			productName = wordle;
			productReference = C028D81E27CAA98800330965 /* wordle.app */;
			productType = "com.apple.product-type.application";
		};
		C028D83627CAA98900330965 /* wordleTests */ = {
			isa = PBXNativeTarget;
			buildConfigurationList = C028D84E27CAA98900330965 /* Build configuration list for PBXNativeTarget "wordleTests" */;
			buildPhases = (
				C028D83327CAA98900330965 /* Sources */,
				C028D83427CAA98900330965 /* Frameworks */,
				C028D83527CAA98900330965 /* Resources */,
			);
			buildRules = (
			);
			dependencies = (
				C028D83927CAA98900330965 /* PBXTargetDependency */,
			);
			name = wordleTests;
			productName = wordleTests;
			productReference = C028D83727CAA98900330965 /* wordleTests.xctest */;
			productType = "com.apple.product-type.bundle.unit-test";
		};
		C028D84027CAA98900330965 /* wordleUITests */ = {
			isa = PBXNativeTarget;
			buildConfigurationList = C028D85127CAA98900330965 /* Build configuration list for PBXNativeTarget "wordleUITests" */;
			buildPhases = (
				C028D83D27CAA98900330965 /* Sources */,
				C028D83E27CAA98900330965 /* Frameworks */,
				C028D83F27CAA98900330965 /* Resources */,
			);
			buildRules = (
			);
			dependencies = (
				C028D84327CAA98900330965 /* PBXTargetDependency */,
			);
			name = wordleUITests;
			productName = wordleUITests;
			productReference = C028D84127CAA98900330965 /* wordleUITests.xctest */;
			productType = "com.apple.product-type.bundle.ui-testing";
		};
/* End PBXNativeTarget section */

/* Begin PBXProject section */
		C028D81627CAA98800330965 /* Project object */ = {
			isa = PBXProject;
			attributes = {
				BuildIndependentTargetsInParallel = 1;
				LastSwiftUpdateCheck = 1320;
				LastUpgradeCheck = 1320;
				TargetAttributes = {
					C028D81D27CAA98800330965 = {
						CreatedOnToolsVersion = 13.2.1;
					};
					C028D83627CAA98900330965 = {
						CreatedOnToolsVersion = 13.2.1;
						TestTargetID = C028D81D27CAA98800330965;
					};
					C028D84027CAA98900330965 = {
						CreatedOnToolsVersion = 13.2.1;
						TestTargetID = C028D81D27CAA98800330965;
					};
				};
			};
			buildConfigurationList = C028D81927CAA98800330965 /* Build configuration list for PBXProject "wordle" */;
			compatibilityVersion = "Xcode 13.0";
			developmentRegion = en;
			hasScannedForEncodings = 0;
			knownRegions = (
				en,
				Base,
			);
			mainGroup = C028D81527CAA98800330965;
			productRefGroup = C028D81F27CAA98800330965 /* Products */;
			projectDirPath = "";
			projectRoot = "";
			targets = (
				C028D81D27CAA98800330965 /* wordle */,
				C028D83627CAA98900330965 /* wordleTests */,
				C028D84027CAA98900330965 /* wordleUITests */,
			);
		};
/* End PBXProject section */

/* Begin PBXResourcesBuildPhase section */
		C028D81C27CAA98800330965 /* Resources */ = {
			isa = PBXResourcesBuildPhase;
			buildActionMask = 2147483647;
			files = (
				C028D83127CAA98900330965 /* LaunchScreen.storyboard in Resources */,
				C028D82E27CAA98900330965 /* Assets.xcassets in Resources */,
				C028D82927CAA98800330965 /* Main.storyboard in Resources */,
			);
			runOnlyForDeploymentPostprocessing = 0;
		};
		C028D83527CAA98900330965 /* Resources */ = {
			isa = PBXResourcesBuildPhase;
			buildActionMask = 2147483647;
			files = (
			);
			runOnlyForDeploymentPostprocessing = 0;
		};
		C028D83F27CAA98900330965 /* Resources */ = {
			isa = PBXResourcesBuildPhase;
			buildActionMask = 2147483647;
			files = (
			);
			runOnlyForDeploymentPostprocessing = 0;
		};
/* End PBXResourcesBuildPhase section */

/* Begin PBXSourcesBuildPhase section */
		C028D81A27CAA98800330965 /* Sources */ = {
			isa = PBXSourcesBuildPhase;
			buildActionMask = 2147483647;
			files = (
				C028D82C27CAA98800330965 /* wordle.xcdatamodeld in Sources */,
				C028D82627CAA98800330965 /* ViewController.swift in Sources */,
				C028D82227CAA98800330965 /* AppDelegate.swift in Sources */,
				C028D82427CAA98800330965 /* SceneDelegate.swift in Sources */,
			);
			runOnlyForDeploymentPostprocessing = 0;
		};
		C028D83327CAA98900330965 /* Sources */ = {
			isa = PBXSourcesBuildPhase;
			buildActionMask = 2147483647;
			files = (
				C028D83C27CAA98900330965 /* wordleTests.swift in Sources */,
			);
			runOnlyForDeploymentPostprocessing = 0;
		};
		C028D83D27CAA98900330965 /* Sources */ = {
			isa = PBXSourcesBuildPhase;
			buildActionMask = 2147483647;
			files = (
				C028D84627CAA98900330965 /* wordleUITests.swift in Sources */,
				C028D84827CAA98900330965 /* wordleUITestsLaunchTests.swift in Sources */,
			);
			runOnlyForDeploymentPostprocessing = 0;
		};
/* End PBXSourcesBuildPhase section */

/* Begin PBXTargetDependency section */
		C028D83927CAA98900330965 /* PBXTargetDependency */ = {
			isa = PBXTargetDependency;
			target = C028D81D27CAA98800330965 /* wordle */;
			targetProxy = C028D83827CAA98900330965 /* PBXContainerItemProxy */;
		};
		C028D84327CAA98900330965 /* PBXTargetDependency */ = {
			isa = PBXTargetDependency;
			target = C028D81D27CAA98800330965 /* wordle */;
			targetProxy = C028D84227CAA98900330965 /* PBXContainerItemProxy */;
		};
/* End PBXTargetDependency section */

/* Begin PBXVariantGroup section */
		C028D82727CAA98800330965 /* Main.storyboard */ = {
			isa = PBXVariantGroup;
			children = (
				C028D82827CAA98800330965 /* Base */,
			);
			name = Main.storyboard;
			sourceTree = "<group>";
		};
		C028D82F27CAA98900330965 /* LaunchScreen.storyboard */ = {
			isa = PBXVariantGroup;
			children = (
				C028D83027CAA98900330965 /* Base */,
			);
			name = LaunchScreen.storyboard;
			sourceTree = "<group>";
		};
/* End PBXVariantGroup section */

/* Begin XCBuildConfiguration section */
		C028D84927CAA98900330965 /* Debug */ = {
			isa = XCBuildConfiguration;
			buildSettings = {
				ALWAYS_SEARCH_USER_PATHS = NO;
				CLANG_ANALYZER_NONNULL = YES;
				CLANG_ANALYZER_NUMBER_OBJECT_CONVERSION = YES_AGGRESSIVE;
				CLANG_CXX_LANGUAGE_STANDARD = "gnu++17";
				CLANG_CXX_LIBRARY = "libc++";
				CLANG_ENABLE_MODULES = YES;
				CLANG_ENABLE_OBJC_ARC = YES;
				CLANG_ENABLE_OBJC_WEAK = YES;
				CLANG_WARN_BLOCK_CAPTURE_AUTORELEASING = YES;
				CLANG_WARN_BOOL_CONVERSION = YES;
				CLANG_WARN_COMMA = YES;
				CLANG_WARN_CONSTANT_CONVERSION = YES;
				CLANG_WARN_DEPRECATED_OBJC_IMPLEMENTATIONS = YES;
				CLANG_WARN_DIRECT_OBJC_ISA_USAGE = YES_ERROR;
				CLANG_WARN_DOCUMENTATION_COMMENTS = YES;
				CLANG_WARN_EMPTY_BODY = YES;
				CLANG_WARN_ENUM_CONVERSION = YES;
				CLANG_WARN_INFINITE_RECURSION = YES;
				CLANG_WARN_INT_CONVERSION = YES;
				CLANG_WARN_NON_LITERAL_NULL_CONVERSION = YES;
				CLANG_WARN_OBJC_IMPLICIT_RETAIN_SELF = YES;
				CLANG_WARN_OBJC_LITERAL_CONVERSION = YES;
				CLANG_WARN_OBJC_ROOT_CLASS = YES_ERROR;
				CLANG_WARN_QUOTED_INCLUDE_IN_FRAMEWORK_HEADER = YES;
				CLANG_WARN_RANGE_LOOP_ANALYSIS = YES;
				CLANG_WARN_STRICT_PROTOTYPES = YES;
				CLANG_WARN_SUSPICIOUS_MOVE = YES;
				CLANG_WARN_UNGUARDED_AVAILABILITY = YES_AGGRESSIVE;
				CLANG_WARN_UNREACHABLE_CODE = YES;
				CLANG_WARN__DUPLICATE_METHOD_MATCH = YES;
				COPY_PHASE_STRIP = NO;
				DEBUG_INFORMATION_FORMAT = dwarf;
				ENABLE_STRICT_OBJC_MSGSEND = YES;
				ENABLE_TESTABILITY = YES;
				GCC_C_LANGUAGE_STANDARD = gnu11;
				GCC_DYNAMIC_NO_PIC = NO;
				GCC_NO_COMMON_BLOCKS = YES;
				GCC_OPTIMIZATION_LEVEL = 0;
				GCC_PREPROCESSOR_DEFINITIONS = (
					"DEBUG=1",
					"$(inherited)",
				);
				GCC_WARN_64_TO_32_BIT_CONVERSION = YES;
				GCC_WARN_ABOUT_RETURN_TYPE = YES_ERROR;
				GCC_WARN_UNDECLARED_SELECTOR = YES;
				GCC_WARN_UNINITIALIZED_AUTOS = YES_AGGRESSIVE;
				GCC_WARN_UNUSED_FUNCTION = YES;
				GCC_WARN_UNUSED_VARIABLE = YES;
				IPHONEOS_DEPLOYMENT_TARGET = 15.2;
				MTL_ENABLE_DEBUG_INFO = INCLUDE_SOURCE;
				MTL_FAST_MATH = YES;
				ONLY_ACTIVE_ARCH = YES;
				SDKROOT = iphoneos;
				SWIFT_ACTIVE_COMPILATION_CONDITIONS = DEBUG;
				SWIFT_OPTIMIZATION_LEVEL = "-Onone";
			};
			name = Debug;
		};
		C028D84A27CAA98900330965 /* Release */ = {
			isa = XCBuildConfiguration;
			buildSettings = {
				ALWAYS_SEARCH_USER_PATHS = NO;
				CLANG_ANALYZER_NONNULL = YES;
				CLANG_ANALYZER_NUMBER_OBJECT_CONVERSION = YES_AGGRESSIVE;
				CLANG_CXX_LANGUAGE_STANDARD = "gnu++17";
				CLANG_CXX_LIBRARY = "libc++";
				CLANG_ENABLE_MODULES = YES;
				CLANG_ENABLE_OBJC_ARC = YES;
				CLANG_ENABLE_OBJC_WEAK = YES;
				CLANG_WARN_BLOCK_CAPTURE_AUTORELEASING = YES;
				CLANG_WARN_BOOL_CONVERSION = YES;
				CLANG_WARN_COMMA = YES;
				CLANG_WARN_CONSTANT_CONVERSION = YES;
				CLANG_WARN_DEPRECATED_OBJC_IMPLEMENTATIONS = YES;
				CLANG_WARN_DIRECT_OBJC_ISA_USAGE = YES_ERROR;
				CLANG_WARN_DOCUMENTATION_COMMENTS = YES;
				CLANG_WARN_EMPTY_BODY = YES;
				CLANG_WARN_ENUM_CONVERSION = YES;
				CLANG_WARN_INFINITE_RECURSION = YES;
				CLANG_WARN_INT_CONVERSION = YES;
				CLANG_WARN_NON_LITERAL_NULL_CONVERSION = YES;
				CLANG_WARN_OBJC_IMPLICIT_RETAIN_SELF = YES;
				CLANG_WARN_OBJC_LITERAL_CONVERSION = YES;
				CLANG_WARN_OBJC_ROOT_CLASS = YES_ERROR;
				CLANG_WARN_QUOTED_INCLUDE_IN_FRAMEWORK_HEADER = YES;
				CLANG_WARN_RANGE_LOOP_ANALYSIS = YES;
				CLANG_WARN_STRICT_PROTOTYPES = YES;
				CLANG_WARN_SUSPICIOUS_MOVE = YES;
				CLANG_WARN_UNGUARDED_AVAILABILITY = YES_AGGRESSIVE;
				CLANG_WARN_UNREACHABLE_CODE = YES;
				CLANG_WARN__DUPLICATE_METHOD_MATCH = YES;
				COPY_PHASE_STRIP = NO;
				DEBUG_INFORMATION_FORMAT = "dwarf-with-dsym";
				ENABLE_NS_ASSERTIONS = NO;
				ENABLE_STRICT_OBJC_MSGSEND = YES;
				GCC_C_LANGUAGE_STANDARD = gnu11;
				GCC_NO_COMMON_BLOCKS = YES;
				GCC_WARN_64_TO_32_BIT_CONVERSION = YES;
				GCC_WARN_ABOUT_RETURN_TYPE = YES_ERROR;
				GCC_WARN_UNDECLARED_SELECTOR = YES;
				GCC_WARN_UNINITIALIZED_AUTOS = YES_AGGRESSIVE;
				GCC_WARN_UNUSED_FUNCTION = YES;
				GCC_WARN_UNUSED_VARIABLE = YES;
				IPHONEOS_DEPLOYMENT_TARGET = 15.2;
				MTL_ENABLE_DEBUG_INFO = NO;
				MTL_FAST_MATH = YES;
				SDKROOT = iphoneos;
				SWIFT_COMPILATION_MODE = wholemodule;
				SWIFT_OPTIMIZATION_LEVEL = "-O";
				VALIDATE_PRODUCT = YES;
			};
			name = Release;
		};
		C028D84C27CAA98900330965 /* Debug */ = {
			isa = XCBuildConfiguration;
			buildSettings = {
				ASSETCATALOG_COMPILER_APPICON_NAME = AppIcon;
				ASSETCATALOG_COMPILER_GLOBAL_ACCENT_COLOR_NAME = AccentColor;
				CODE_SIGN_STYLE = Automatic;
				CURRENT_PROJECT_VERSION = 1;
				DEVELOPMENT_TEAM = RMHDR6NX8Y;
				GENERATE_INFOPLIST_FILE = YES;
				INFOPLIST_FILE = wordle/Info.plist;
				INFOPLIST_KEY_UIApplicationSupportsIndirectInputEvents = YES;
				INFOPLIST_KEY_UILaunchStoryboardName = LaunchScreen;
				INFOPLIST_KEY_UIMainStoryboardFile = Main;
				INFOPLIST_KEY_UISupportedInterfaceOrientations_iPad = "UIInterfaceOrientationPortrait UIInterfaceOrientationPortraitUpsideDown UIInterfaceOrientationLandscapeLeft UIInterfaceOrientationLandscapeRight";
				INFOPLIST_KEY_UISupportedInterfaceOrientations_iPhone = "UIInterfaceOrientationPortrait UIInterfaceOrientationLandscapeLeft UIInterfaceOrientationLandscapeRight";
				LD_RUNPATH_SEARCH_PATHS = (
					"$(inherited)",
					"@executable_path/Frameworks",
				);
				MARKETING_VERSION = 1.0;
				PRODUCT_BUNDLE_IDENTIFIER = tab.wordle;
				PRODUCT_NAME = "$(TARGET_NAME)";
				SWIFT_EMIT_LOC_STRINGS = YES;
				SWIFT_VERSION = 5.0;
				TARGETED_DEVICE_FAMILY = "1,2";
			};
			name = Debug;
		};
		C028D84D27CAA98900330965 /* Release */ = {
			isa = XCBuildConfiguration;
			buildSettings = {
				ASSETCATALOG_COMPILER_APPICON_NAME = AppIcon;
				ASSETCATALOG_COMPILER_GLOBAL_ACCENT_COLOR_NAME = AccentColor;
				CODE_SIGN_STYLE = Automatic;
				CURRENT_PROJECT_VERSION = 1;
				DEVELOPMENT_TEAM = RMHDR6NX8Y;
				GENERATE_INFOPLIST_FILE = YES;
				INFOPLIST_FILE = wordle/Info.plist;
				INFOPLIST_KEY_UIApplicationSupportsIndirectInputEvents = YES;
				INFOPLIST_KEY_UILaunchStoryboardName = LaunchScreen;
				INFOPLIST_KEY_UIMainStoryboardFile = Main;
				INFOPLIST_KEY_UISupportedInterfaceOrientations_iPad = "UIInterfaceOrientationPortrait UIInterfaceOrientationPortraitUpsideDown UIInterfaceOrientationLandscapeLeft UIInterfaceOrientationLandscapeRight";
				INFOPLIST_KEY_UISupportedInterfaceOrientations_iPhone = "UIInterfaceOrientationPortrait UIInterfaceOrientationLandscapeLeft UIInterfaceOrientationLandscapeRight";
				LD_RUNPATH_SEARCH_PATHS = (
					"$(inherited)",
					"@executable_path/Frameworks",
				);
				MARKETING_VERSION = 1.0;
				PRODUCT_BUNDLE_IDENTIFIER = tab.wordle;
				PRODUCT_NAME = "$(TARGET_NAME)";
				SWIFT_EMIT_LOC_STRINGS = YES;
				SWIFT_VERSION = 5.0;
				TARGETED_DEVICE_FAMILY = "1,2";
			};
			name = Release;
		};
		C028D84F27CAA98900330965 /* Debug */ = {
			isa = XCBuildConfiguration;
			buildSettings = {
				ALWAYS_EMBED_SWIFT_STANDARD_LIBRARIES = YES;
				BUNDLE_LOADER = "$(TEST_HOST)";
				CODE_SIGN_STYLE = Automatic;
				CURRENT_PROJECT_VERSION = 1;
				DEVELOPMENT_TEAM = RMHDR6NX8Y;
				GENERATE_INFOPLIST_FILE = YES;
				IPHONEOS_DEPLOYMENT_TARGET = 15.2;
				MARKETING_VERSION = 1.0;
				PRODUCT_BUNDLE_IDENTIFIER = tab.wordleTests;
				PRODUCT_NAME = "$(TARGET_NAME)";
				SWIFT_EMIT_LOC_STRINGS = NO;
				SWIFT_VERSION = 5.0;
				TARGETED_DEVICE_FAMILY = "1,2";
				TEST_HOST = "$(BUILT_PRODUCTS_DIR)/wordle.app/wordle";
			};
			name = Debug;
		};
		C028D85027CAA98900330965 /* Release */ = {
			isa = XCBuildConfiguration;
			buildSettings = {
				ALWAYS_EMBED_SWIFT_STANDARD_LIBRARIES = YES;
				BUNDLE_LOADER = "$(TEST_HOST)";
				CODE_SIGN_STYLE = Automatic;
				CURRENT_PROJECT_VERSION = 1;
				DEVELOPMENT_TEAM = RMHDR6NX8Y;
				GENERATE_INFOPLIST_FILE = YES;
				IPHONEOS_DEPLOYMENT_TARGET = 15.2;
				MARKETING_VERSION = 1.0;
				PRODUCT_BUNDLE_IDENTIFIER = tab.wordleTests;
				PRODUCT_NAME = "$(TARGET_NAME)";
				SWIFT_EMIT_LOC_STRINGS = NO;
				SWIFT_VERSION = 5.0;
				TARGETED_DEVICE_FAMILY = "1,2";
				TEST_HOST = "$(BUILT_PRODUCTS_DIR)/wordle.app/wordle";
			};
			name = Release;
		};
		C028D85227CAA98900330965 /* Debug */ = {
			isa = XCBuildConfiguration;
			buildSettings = {
				ALWAYS_EMBED_SWIFT_STANDARD_LIBRARIES = YES;
				CODE_SIGN_STYLE = Automatic;
				CURRENT_PROJECT_VERSION = 1;
				DEVELOPMENT_TEAM = RMHDR6NX8Y;
				GENERATE_INFOPLIST_FILE = YES;
				MARKETING_VERSION = 1.0;
				PRODUCT_BUNDLE_IDENTIFIER = tab.wordleUITests;
				PRODUCT_NAME = "$(TARGET_NAME)";
				SWIFT_EMIT_LOC_STRINGS = NO;
				SWIFT_VERSION = 5.0;
				TARGETED_DEVICE_FAMILY = "1,2";
				TEST_TARGET_NAME = wordle;
			};
			name = Debug;
		};
		C028D85327CAA98900330965 /* Release */ = {
			isa = XCBuildConfiguration;
			buildSettings = {
				ALWAYS_EMBED_SWIFT_STANDARD_LIBRARIES = YES;
				CODE_SIGN_STYLE = Automatic;
				CURRENT_PROJECT_VERSION = 1;
				DEVELOPMENT_TEAM = RMHDR6NX8Y;
				GENERATE_INFOPLIST_FILE = YES;
				MARKETING_VERSION = 1.0;
				PRODUCT_BUNDLE_IDENTIFIER = tab.wordleUITests;
				PRODUCT_NAME = "$(TARGET_NAME)";
				SWIFT_EMIT_LOC_STRINGS = NO;
				SWIFT_VERSION = 5.0;
				TARGETED_DEVICE_FAMILY = "1,2";
				TEST_TARGET_NAME = wordle;
			};
			name = Release;
		};
/* End XCBuildConfiguration section */

/* Begin XCConfigurationList section */
		C028D81927CAA98800330965 /* Build configuration list for PBXProject "wordle" */ = {
			isa = XCConfigurationList;
			buildConfigurations = (
				C028D84927CAA98900330965 /* Debug */,
				C028D84A27CAA98900330965 /* Release */,
			);
			defaultConfigurationIsVisible = 0;
			defaultConfigurationName = Release;
		};
		C028D84B27CAA98900330965 /* Build configuration list for PBXNativeTarget "wordle" */ = {
			isa = XCConfigurationList;
			buildConfigurations = (
				C028D84C27CAA98900330965 /* Debug */,
				C028D84D27CAA98900330965 /* Release */,
			);
			defaultConfigurationIsVisible = 0;
			defaultConfigurationName = Release;
		};
		C028D84E27CAA98900330965 /* Build configuration list for PBXNativeTarget "wordleTests" */ = {
			isa = XCConfigurationList;
			buildConfigurations = (
				C028D84F27CAA98900330965 /* Debug */,
				C028D85027CAA98900330965 /* Release */,
			);
			defaultConfigurationIsVisible = 0;
			defaultConfigurationName = Release;
		};
		C028D85127CAA98900330965 /* Build configuration list for PBXNativeTarget "wordleUITests" */ = {
			isa = XCConfigurationList;
			buildConfigurations = (
				C028D85227CAA98900330965 /* Debug */,
				C028D85327CAA98900330965 /* Release */,
			);
			defaultConfigurationIsVisible = 0;
			defaultConfigurationName = Release;
		};
/* End XCConfigurationList section */

/* Begin XCVersionGroup section */
		C028D82A27CAA98800330965 /* wordle.xcdatamodeld */ = {
			isa = XCVersionGroup;
			children = (
				C028D82B27CAA98800330965 /* wordle.xcdatamodel */,
			);
			currentVersion = C028D82B27CAA98800330965 /* wordle.xcdatamodel */;
			path = wordle.xcdatamodeld;
			sourceTree = "<group>";
			versionGroupType = wrapper.xcdatamodel;
		};
/* End XCVersionGroup section */
	};
	rootObject = C028D81627CAA98800330965 /* Project object */;
}
